
Microsoft Visual Studio Solution File, Format Version 12.00
# Visual Studio 15
Project("{FAE04EC0-301F-11D3-BF4B-00C04F79EFBC}") = "Ubisoft.Club", "Ubisoft.Club\Ubisoft.Club.csproj", "{389DFEF0-9CCD-40A3-9DE4-904E1208C581}"
EndProject
Project("{FAE04EC0-301F-11D3-BF4B-00C04F79EFBC}") = "Ubisoft.Club.Db", "Ubisoft.Club.Db\Ubisoft.Club.Db.csproj", "{89486DC4-769C-4EBB-AE1C-0898AF362202}"
EndProject
Project("{FAE04EC0-301F-11D3-BF4B-00C04F79EFBC}") = "Ubisoft.Club.Common", "Ubisoft.Club.Common\Ubisoft.Club.Common.csproj", "{F5FA0DF8-7DDA-470F-8D71-81B9B35BC8EE}"
EndProject
Global
	GlobalSection(SolutionConfigurationPlatforms) = preSolution
		Debug|Any CPU = Debug|Any CPU
		Release|Any CPU = Release|Any CPU
	EndGlobalSection
	GlobalSection(ProjectConfigurationPlatforms) = postSolution
		{389DFEF0-9CCD-40A3-9DE4-904E1208C581}.Debug|Any CPU.ActiveCfg = Debug|Any CPU
		{389DFEF0-9CCD-40A3-9DE4-904E1208C581}.Debug|Any CPU.Build.0 = Debug|Any CPU
		{389DFEF0-9CCD-40A3-9DE4-904E1208C581}.Release|Any CPU.ActiveCfg = Release|Any CPU
		{389DFEF0-9CCD-40A3-9DE4-904E1208C581}.Release|Any CPU.Build.0 = Release|Any CPU
		{89486DC4-769C-4EBB-AE1C-0898AF362202}.Debug|Any CPU.ActiveCfg = Debug|Any CPU
		{89486DC4-769C-4EBB-AE1C-0898AF362202}.Debug|Any CPU.Build.0 = Debug|Any CPU
		{89486DC4-769C-4EBB-AE1C-0898AF362202}.Release|Any CPU.ActiveCfg = Release|Any CPU
		{89486DC4-769C-4EBB-AE1C-0898AF362202}.Release|Any CPU.Build.0 = Release|Any CPU
		{F5FA0DF8-7DDA-470F-8D71-81B9B35BC8EE}.Debug|Any CPU.ActiveCfg = Debug|Any CPU
		{F5FA0DF8-7DDA-470F-8D71-81B9B35BC8EE}.Debug|Any CPU.Build.0 = Debug|Any CPU
		{F5FA0DF8-7DDA-470F-8D71-81B9B35BC8EE}.Release|Any CPU.ActiveCfg = Release|Any CPU
		{F5FA0DF8-7DDA-470F-8D71-81B9B35BC8EE}.Release|Any CPU.Build.0 = Release|Any CPU
	EndGlobalSection
EndGlobal
